[[package]]
name = "attrs"
version = "20.3.0"
description = "Classes Without Boilerplate"
category = "main"
optional = false
python-versions = ">=2.7, !=3.0.*, !=3.1.*, !=3.2.*, !=3.3.*"

[package.extras]
dev = ["coverage[toml] (>=5.0.2)", "hypothesis", "pympler", "pytest (>=4.3.0)", "six", "zope.interface", "furo", "sphinx", "pre-commit"]
docs = ["furo", "sphinx", "zope.interface"]
tests = ["coverage[toml] (>=5.0.2)", "hypothesis", "pympler", "pytest (>=4.3.0)", "six", "zope.interface"]
tests_no_zope = ["coverage[toml] (>=5.0.2)", "hypothesis", "pympler", "pytest (>=4.3.0)", "six"]

[[package]]
name = "aws-cdk.assets"
version = "1.115.0"
description = "This module is deprecated. All types are now available under the core module"
category = "main"
optional = false
python-versions = ">=3.6"

[package.dependencies]
"aws-cdk.core" = "1.115.0"
"aws-cdk.cx-api" = "1.115.0"
constructs = ">=3.3.69,<4.0.0"
jsii = ">=1.31.0,<2.0.0"
publication = ">=0.0.3"

[[package]]
name = "aws-cdk.aws-applicationautoscaling"
version = "1.115.0"
description = "The CDK Construct Library for AWS::ApplicationAutoScaling"
category = "main"
optional = false
python-versions = ">=3.6"

[package.dependencies]
"aws-cdk.aws-autoscaling-common" = "1.115.0"
"aws-cdk.aws-cloudwatch" = "1.115.0"
"aws-cdk.aws-iam" = "1.115.0"
"aws-cdk.core" = "1.115.0"
constructs = ">=3.3.69,<4.0.0"
jsii = ">=1.31.0,<2.0.0"
publication = ">=0.0.3"

[[package]]
name = "aws-cdk.aws-autoscaling-common"
version = "1.115.0"
description = "Common implementation package for @aws-cdk/aws-autoscaling and @aws-cdk/aws-applicationautoscaling"
category = "main"
optional = false
python-versions = ">=3.6"

[package.dependencies]
"aws-cdk.aws-iam" = "1.115.0"
"aws-cdk.core" = "1.115.0"
constructs = ">=3.3.69,<4.0.0"
jsii = ">=1.31.0,<2.0.0"
publication = ">=0.0.3"

[[package]]
name = "aws-cdk.aws-cloudwatch"
version = "1.115.0"
description = "The CDK Construct Library for AWS::CloudWatch"
category = "main"
optional = false
python-versions = ">=3.6"

[package.dependencies]
"aws-cdk.aws-iam" = "1.115.0"
"aws-cdk.core" = "1.115.0"
constructs = ">=3.3.69,<4.0.0"
jsii = ">=1.31.0,<2.0.0"
publication = ">=0.0.3"

[[package]]
name = "aws-cdk.aws-codeguruprofiler"
version = "1.115.0"
description = "The CDK Construct Library for AWS::CodeGuruProfiler"
category = "main"
optional = false
python-versions = ">=3.6"

[package.dependencies]
"aws-cdk.aws-iam" = "1.115.0"
"aws-cdk.core" = "1.115.0"
constructs = ">=3.3.69,<4.0.0"
jsii = ">=1.31.0,<2.0.0"
publication = ">=0.0.3"

[[package]]
name = "aws-cdk.aws-ec2"
version = "1.115.0"
description = "The CDK Construct Library for AWS::EC2"
category = "main"
optional = false
python-versions = ">=3.6"

[package.dependencies]
"aws-cdk.aws-cloudwatch" = "1.115.0"
"aws-cdk.aws-iam" = "1.115.0"
"aws-cdk.aws-kms" = "1.115.0"
"aws-cdk.aws-logs" = "1.115.0"
"aws-cdk.aws-s3" = "1.115.0"
"aws-cdk.aws-s3-assets" = "1.115.0"
"aws-cdk.aws-ssm" = "1.115.0"
"aws-cdk.cloud-assembly-schema" = "1.115.0"
"aws-cdk.core" = "1.115.0"
"aws-cdk.cx-api" = "1.115.0"
"aws-cdk.region-info" = "1.115.0"
constructs = ">=3.3.69,<4.0.0"
jsii = ">=1.31.0,<2.0.0"
publication = ">=0.0.3"

[[package]]
name = "aws-cdk.aws-ecr"
version = "1.115.0"
description = "The CDK Construct Library for AWS::ECR"
category = "main"
optional = false
python-versions = ">=3.6"

[package.dependencies]
"aws-cdk.aws-events" = "1.115.0"
"aws-cdk.aws-iam" = "1.115.0"
"aws-cdk.core" = "1.115.0"
constructs = ">=3.3.69,<4.0.0"
jsii = ">=1.31.0,<2.0.0"
publication = ">=0.0.3"

[[package]]
name = "aws-cdk.aws-ecr-assets"
version = "1.115.0"
description = "Docker image assets deployed to ECR"
category = "main"
optional = false
python-versions = ">=3.6"

[package.dependencies]
"aws-cdk.assets" = "1.115.0"
"aws-cdk.aws-ecr" = "1.115.0"
"aws-cdk.aws-iam" = "1.115.0"
"aws-cdk.aws-s3" = "1.115.0"
"aws-cdk.core" = "1.115.0"
"aws-cdk.cx-api" = "1.115.0"
constructs = ">=3.3.69,<4.0.0"
jsii = ">=1.31.0,<2.0.0"
publication = ">=0.0.3"

[[package]]
name = "aws-cdk.aws-efs"
version = "1.115.0"
description = "The CDK Construct Library for AWS::EFS"
category = "main"
optional = false
python-versions = ">=3.6"

[package.dependencies]
"aws-cdk.aws-ec2" = "1.115.0"
"aws-cdk.aws-iam" = "1.115.0"
"aws-cdk.aws-kms" = "1.115.0"
"aws-cdk.cloud-assembly-schema" = "1.115.0"
"aws-cdk.core" = "1.115.0"
"aws-cdk.cx-api" = "1.115.0"
constructs = ">=3.3.69,<4.0.0"
jsii = ">=1.31.0,<2.0.0"
publication = ">=0.0.3"

[[package]]
name = "aws-cdk.aws-events"
version = "1.115.0"
description = "Amazon EventBridge Construct Library"
category = "main"
optional = false
python-versions = ">=3.6"

[package.dependencies]
"aws-cdk.aws-iam" = "1.115.0"
"aws-cdk.core" = "1.115.0"
constructs = ">=3.3.69,<4.0.0"
jsii = ">=1.31.0,<2.0.0"
publication = ">=0.0.3"

[[package]]
name = "aws-cdk.aws-glue"
version = "1.115.0"
description = "The CDK Construct Library for AWS::Glue"
category = "main"
optional = false
python-versions = ">=3.6"

[package.dependencies]
"aws-cdk.aws-ec2" = "1.115.0"
"aws-cdk.aws-iam" = "1.115.0"
"aws-cdk.aws-kms" = "1.115.0"
"aws-cdk.aws-s3" = "1.115.0"
"aws-cdk.core" = "1.115.0"
constructs = ">=3.3.69,<4.0.0"
jsii = ">=1.31.0,<2.0.0"
publication = ">=0.0.3"

[[package]]
name = "aws-cdk.aws-iam"
version = "1.115.0"
description = "CDK routines for easily assigning correct and minimal IAM permissions"
category = "main"
optional = false
python-versions = ">=3.6"

[package.dependencies]
"aws-cdk.core" = "1.115.0"
"aws-cdk.region-info" = "1.115.0"
constructs = ">=3.3.69,<4.0.0"
jsii = ">=1.31.0,<2.0.0"
publication = ">=0.0.3"

[[package]]
name = "aws-cdk.aws-kms"
version = "1.115.0"
description = "The CDK Construct Library for AWS::KMS"
category = "main"
optional = false
python-versions = ">=3.6"

[package.dependencies]
"aws-cdk.aws-iam" = "1.115.0"
"aws-cdk.core" = "1.115.0"
"aws-cdk.cx-api" = "1.115.0"
constructs = ">=3.3.69,<4.0.0"
jsii = ">=1.31.0,<2.0.0"
publication = ">=0.0.3"

[[package]]
name = "aws-cdk.aws-lambda"
version = "1.115.0"
description = "The CDK Construct Library for AWS::Lambda"
category = "main"
optional = false
python-versions = ">=3.6"

[package.dependencies]
"aws-cdk.aws-applicationautoscaling" = "1.115.0"
"aws-cdk.aws-cloudwatch" = "1.115.0"
"aws-cdk.aws-codeguruprofiler" = "1.115.0"
"aws-cdk.aws-ec2" = "1.115.0"
"aws-cdk.aws-ecr" = "1.115.0"
"aws-cdk.aws-ecr-assets" = "1.115.0"
"aws-cdk.aws-efs" = "1.115.0"
"aws-cdk.aws-events" = "1.115.0"
"aws-cdk.aws-iam" = "1.115.0"
"aws-cdk.aws-kms" = "1.115.0"
"aws-cdk.aws-logs" = "1.115.0"
"aws-cdk.aws-s3" = "1.115.0"
"aws-cdk.aws-s3-assets" = "1.115.0"
"aws-cdk.aws-signer" = "1.115.0"
"aws-cdk.aws-sqs" = "1.115.0"
"aws-cdk.core" = "1.115.0"
"aws-cdk.cx-api" = "1.115.0"
constructs = ">=3.3.69,<4.0.0"
jsii = ">=1.31.0,<2.0.0"
publication = ">=0.0.3"

[[package]]
name = "aws-cdk.aws-logs"
version = "1.115.0"
description = "The CDK Construct Library for AWS::Logs"
category = "main"
optional = false
python-versions = ">=3.6"

[package.dependencies]
"aws-cdk.aws-cloudwatch" = "1.115.0"
"aws-cdk.aws-iam" = "1.115.0"
"aws-cdk.aws-kms" = "1.115.0"
"aws-cdk.aws-s3-assets" = "1.115.0"
"aws-cdk.core" = "1.115.0"
constructs = ">=3.3.69,<4.0.0"
jsii = ">=1.31.0,<2.0.0"
publication = ">=0.0.3"

[[package]]
name = "aws-cdk.aws-rds"
version = "1.115.0"
description = "The CDK Construct Library for AWS::RDS"
category = "main"
optional = false
python-versions = ">=3.6"

[package.dependencies]
"aws-cdk.aws-cloudwatch" = "1.115.0"
"aws-cdk.aws-ec2" = "1.115.0"
"aws-cdk.aws-events" = "1.115.0"
"aws-cdk.aws-iam" = "1.115.0"
"aws-cdk.aws-kms" = "1.115.0"
"aws-cdk.aws-logs" = "1.115.0"
"aws-cdk.aws-s3" = "1.115.0"
"aws-cdk.aws-secretsmanager" = "1.115.0"
"aws-cdk.core" = "1.115.0"
"aws-cdk.cx-api" = "1.115.0"
constructs = ">=3.3.69,<4.0.0"
jsii = ">=1.31.0,<2.0.0"
publication = ">=0.0.3"

[[package]]
name = "aws-cdk.aws-redshift"
version = "1.115.0"
description = "The CDK Construct Library for AWS::Redshift"
category = "main"
optional = false
python-versions = ">=3.6"

[package.dependencies]
"aws-cdk.aws-ec2" = "1.115.0"
"aws-cdk.aws-iam" = "1.115.0"
"aws-cdk.aws-kms" = "1.115.0"
"aws-cdk.aws-s3" = "1.115.0"
"aws-cdk.aws-secretsmanager" = "1.115.0"
"aws-cdk.core" = "1.115.0"
constructs = ">=3.3.69,<4.0.0"
jsii = ">=1.31.0,<2.0.0"
publication = ">=0.0.3"

[[package]]
name = "aws-cdk.aws-s3"
version = "1.115.0"
description = "The CDK Construct Library for AWS::S3"
category = "main"
optional = false
python-versions = ">=3.6"

[package.dependencies]
"aws-cdk.aws-events" = "1.115.0"
"aws-cdk.aws-iam" = "1.115.0"
"aws-cdk.aws-kms" = "1.115.0"
"aws-cdk.core" = "1.115.0"
"aws-cdk.cx-api" = "1.115.0"
constructs = ">=3.3.69,<4.0.0"
jsii = ">=1.31.0,<2.0.0"
publication = ">=0.0.3"

[[package]]
name = "aws-cdk.aws-s3-assets"
version = "1.115.0"
description = "Deploy local files and directories to S3"
category = "main"
optional = false
python-versions = ">=3.6"

[package.dependencies]
"aws-cdk.assets" = "1.115.0"
"aws-cdk.aws-iam" = "1.115.0"
"aws-cdk.aws-kms" = "1.115.0"
"aws-cdk.aws-s3" = "1.115.0"
"aws-cdk.core" = "1.115.0"
"aws-cdk.cx-api" = "1.115.0"
constructs = ">=3.3.69,<4.0.0"
jsii = ">=1.31.0,<2.0.0"
publication = ">=0.0.3"

[[package]]
name = "aws-cdk.aws-sam"
version = "1.115.0"
description = "The CDK Construct Library for the AWS Serverless Application Model (SAM) resources"
category = "main"
optional = false
python-versions = ">=3.6"

[package.dependencies]
"aws-cdk.core" = "1.115.0"
constructs = ">=3.3.69,<4.0.0"
jsii = ">=1.31.0,<2.0.0"
publication = ">=0.0.3"

[[package]]
name = "aws-cdk.aws-secretsmanager"
version = "1.115.0"
description = "The CDK Construct Library for AWS::SecretsManager"
category = "main"
optional = false
python-versions = ">=3.6"

[package.dependencies]
"aws-cdk.aws-ec2" = "1.115.0"
"aws-cdk.aws-iam" = "1.115.0"
"aws-cdk.aws-kms" = "1.115.0"
"aws-cdk.aws-lambda" = "1.115.0"
"aws-cdk.aws-sam" = "1.115.0"
"aws-cdk.core" = "1.115.0"
"aws-cdk.cx-api" = "1.115.0"
constructs = ">=3.3.69,<4.0.0"
jsii = ">=1.31.0,<2.0.0"
publication = ">=0.0.3"

[[package]]
name = "aws-cdk.aws-signer"
version = "1.115.0"
description = "The CDK Construct Library for AWS::Signer"
category = "main"
optional = false
python-versions = ">=3.6"

[package.dependencies]
"aws-cdk.core" = "1.115.0"
constructs = ">=3.3.69,<4.0.0"
jsii = ">=1.31.0,<2.0.0"
publication = ">=0.0.3"

[[package]]
name = "aws-cdk.aws-sqs"
version = "1.115.0"
description = "The CDK Construct Library for AWS::SQS"
category = "main"
optional = false
python-versions = ">=3.6"

[package.dependencies]
"aws-cdk.aws-cloudwatch" = "1.115.0"
"aws-cdk.aws-iam" = "1.115.0"
"aws-cdk.aws-kms" = "1.115.0"
"aws-cdk.core" = "1.115.0"
constructs = ">=3.3.69,<4.0.0"
jsii = ">=1.31.0,<2.0.0"
publication = ">=0.0.3"

[[package]]
name = "aws-cdk.aws-ssm"
version = "1.115.0"
description = "The CDK Construct Library for AWS::SSM"
category = "main"
optional = false
python-versions = ">=3.6"

[package.dependencies]
"aws-cdk.aws-iam" = "1.115.0"
"aws-cdk.aws-kms" = "1.115.0"
"aws-cdk.cloud-assembly-schema" = "1.115.0"
"aws-cdk.core" = "1.115.0"
constructs = ">=3.3.69,<4.0.0"
jsii = ">=1.31.0,<2.0.0"
publication = ">=0.0.3"

[[package]]
name = "aws-cdk.cloud-assembly-schema"
version = "1.115.0"
description = "Cloud Assembly Schema"
category = "main"
optional = false
python-versions = ">=3.6"

[package.dependencies]
jsii = ">=1.31.0,<2.0.0"
publication = ">=0.0.3"

[[package]]
name = "aws-cdk.core"
version = "1.115.0"
description = "AWS Cloud Development Kit Core Library"
category = "main"
optional = false
python-versions = ">=3.6"

[package.dependencies]
"aws-cdk.cloud-assembly-schema" = "1.115.0"
"aws-cdk.cx-api" = "1.115.0"
"aws-cdk.region-info" = "1.115.0"
constructs = ">=3.3.69,<4.0.0"
jsii = ">=1.31.0,<2.0.0"
publication = ">=0.0.3"

[[package]]
name = "aws-cdk.cx-api"
version = "1.115.0"
description = "Cloud executable protocol"
category = "main"
optional = false
python-versions = ">=3.6"

[package.dependencies]
"aws-cdk.cloud-assembly-schema" = "1.115.0"
jsii = ">=1.31.0,<2.0.0"
publication = ">=0.0.3"

[[package]]
name = "aws-cdk.region-info"
version = "1.115.0"
description = "AWS region information, such as service principal names"
category = "main"
optional = false
python-versions = ">=3.6"

[package.dependencies]
jsii = ">=1.31.0,<2.0.0"
publication = ">=0.0.3"

[[package]]
name = "cattrs"
version = "1.0.0"
description = "Composable complex class support for attrs."
category = "main"
optional = false
python-versions = "*"

[package.dependencies]
attrs = ">=17.3"

[package.extras]
dev = ["bumpversion", "wheel", "watchdog", "flake8", "tox", "coverage", "sphinx", "pytest", "hypothesis", "pendulum"]

[[package]]
name = "cattrs"
version = "1.6.0"
description = "Composable complex class support for attrs and dataclasses."
category = "main"
optional = false
python-versions = ">=3.7,<4.0"

[package.dependencies]
attrs = "*"

[[package]]
name = "constructs"
version = "3.3.101"
description = "A programming model for composable configuration"
category = "main"
optional = false
python-versions = ">=3.6"

[package.dependencies]
jsii = ">=1.32.0,<2.0.0"
publication = ">=0.0.3"

[[package]]
name = "importlib-resources"
version = "5.2.0"
description = "Read resources from Python packages"
category = "main"
optional = false
python-versions = ">=3.6"

[package.dependencies]
zipp = {version = ">=3.1.0", markers = "python_version < \"3.10\""}

[package.extras]
docs = ["sphinx", "jaraco.packaging (>=8.2)", "rst.linker (>=1.9)"]
testing = ["pytest (>=4.6)", "pytest-checkdocs (>=2.4)", "pytest-flake8", "pytest-cov", "pytest-enabler (>=1.0.1)", "pytest-black (>=0.3.7)", "pytest-mypy"]

[[package]]
name = "jsii"
version = "1.32.0"
description = "Python client for jsii runtime"
category = "main"
optional = false
python-versions = "~=3.6"

[package.dependencies]
attrs = ">=20.1,<21.0"
cattrs = [
    {version = ">=1.0.0,<1.1.0", markers = "python_version < \"3.7\""},
    {version = ">=1.6.0,<1.7.0", markers = "python_version >= \"3.7\""},
]
importlib-resources = {version = "*", markers = "python_version < \"3.7\""}
python-dateutil = "*"
typing-extensions = ">=3.7,<4.0"

[[package]]
name = "publication"
version = "0.0.3"
description = "Publication helps you maintain public-api-friendly modules by preventing unintentional access to private implementation details via introspection."
category = "main"
optional = false
python-versions = "*"

[[package]]
name = "python-dateutil"
version = "2.8.2"
description = "Extensions to the standard Python datetime module"
category = "main"
optional = false
python-versions = "!=3.0.*,!=3.1.*,!=3.2.*,>=2.7"

[package.dependencies]
six = ">=1.5"

[[package]]
name = "six"
version = "1.16.0"
description = "Python 2 and 3 compatibility utilities"
category = "main"
optional = false
python-versions = ">=2.7, !=3.0.*, !=3.1.*, !=3.2.*"

[[package]]
name = "typing-extensions"
version = "3.10.0.0"
description = "Backported and Experimental Type Hints for Python 3.5+"
category = "main"
optional = false
python-versions = "*"

[[package]]
name = "zipp"
version = "3.5.0"
description = "Backport of pathlib-compatible object wrapper for zip files"
category = "main"
optional = false
python-versions = ">=3.6"

[package.extras]
docs = ["sphinx", "jaraco.packaging (>=8.2)", "rst.linker (>=1.9)"]
testing = ["pytest (>=4.6)", "pytest-checkdocs (>=2.4)", "pytest-flake8", "pytest-cov", "pytest-enabler (>=1.0.1)", "jaraco.itertools", "func-timeout", "pytest-black (>=0.3.7)", "pytest-mypy"]

[metadata]
lock-version = "1.1"
python-versions = ">=3.6.2, <3.10"
content-hash = "6f8430d31b5e3d08bb0393b4c93ca223cc9d49b55bb3045f95326770d74347ca"

[metadata.files]
attrs = [
    {file = "attrs-20.3.0-py2.py3-none-any.whl", hash = "sha256:31b2eced602aa8423c2aea9c76a724617ed67cf9513173fd3a4f03e3a929c7e6"},
    {file = "attrs-20.3.0.tar.gz", hash = "sha256:832aa3cde19744e49938b91fea06d69ecb9e649c93ba974535d08ad92164f700"},
]
"aws-cdk.assets" = [
    {file = "aws-cdk.assets-1.115.0.tar.gz", hash = "sha256:e3a569f900451f2f8429a2ad7cd059712f2903d24cbcaa023911f46362496d2d"},
    {file = "aws_cdk.assets-1.115.0-py3-none-any.whl", hash = "sha256:d7f62fdaf500980cbcb0cab82cd08cb7334683428cfb3c67c68f72371e29109f"},
]
"aws-cdk.aws-applicationautoscaling" = [
    {file = "aws-cdk.aws-applicationautoscaling-1.115.0.tar.gz", hash = "sha256:e174b3247252bfec419389b896267516d2f874ec56456880116f79204ae9e3e5"},
    {file = "aws_cdk.aws_applicationautoscaling-1.115.0-py3-none-any.whl", hash = "sha256:45eff7fb107924b6ade243e88edae49f14a599ff3afcaf40a73969c45de733b5"},
]
"aws-cdk.aws-autoscaling-common" = [
    {file = "aws-cdk.aws-autoscaling-common-1.115.0.tar.gz", hash = "sha256:b87c84d3e558b20e3bea515d89cb59d633d71e2c8a6e4e859a691f3c06d45c10"},
    {file = "aws_cdk.aws_autoscaling_common-1.115.0-py3-none-any.whl", hash = "sha256:bc0e56fe4fedd6e5a0d094845c4e1b2681bf60dfb72f2062392ef7edd5b157bd"},
]
"aws-cdk.aws-cloudwatch" = [
    {file = "aws-cdk.aws-cloudwatch-1.115.0.tar.gz", hash = "sha256:adb27916047303bf5748d503dc608041d30ea002b47c4e2c370d2084c1bec8c4"},
    {file = "aws_cdk.aws_cloudwatch-1.115.0-py3-none-any.whl", hash = "sha256:2b6b5e954f0b2a629d977cb6db93ec38e2c3c6dde43d88369dbc7a64c92d1ce1"},
]
"aws-cdk.aws-codeguruprofiler" = [
    {file = "aws-cdk.aws-codeguruprofiler-1.115.0.tar.gz", hash = "sha256:bd8954511616b1ae8e6bd88122de5cb94c7d16b79f051452b490af9ec729124d"},
    {file = "aws_cdk.aws_codeguruprofiler-1.115.0-py3-none-any.whl", hash = "sha256:48d6a7ea1a372e3e1dbdb0307c7665ba486ef58b80d1d2ebb56cabb03b40af80"},
]
"aws-cdk.aws-ec2" = [
    {file = "aws-cdk.aws-ec2-1.115.0.tar.gz", hash = "sha256:e819f98e07d3ee24182f23d435bf164ca7bdfdd42e72305d975b2c75a5a57138"},
    {file = "aws_cdk.aws_ec2-1.115.0-py3-none-any.whl", hash = "sha256:0475af1a07e514136004870c590dd5b187dd4588eb291da4662ed2d7cf5956c7"},
]
"aws-cdk.aws-ecr" = [
    {file = "aws-cdk.aws-ecr-1.115.0.tar.gz", hash = "sha256:3083470a95283a95275e1f2ad30868f3591d0a5bf432cf4bab360dabe4cb2e29"},
    {file = "aws_cdk.aws_ecr-1.115.0-py3-none-any.whl", hash = "sha256:695842b3b892b404c3219d8b44b9ad7a8bf1fd1957abb97c618dba47e050108b"},
]
"aws-cdk.aws-ecr-assets" = [
    {file = "aws-cdk.aws-ecr-assets-1.115.0.tar.gz", hash = "sha256:5450bbcebb89eff84327246c6049a90adefe73ed194bd62778ffeee6facf9042"},
    {file = "aws_cdk.aws_ecr_assets-1.115.0-py3-none-any.whl", hash = "sha256:8e7e5b2351370b795b12abd0812a3ace241cc46df8d67aecb92410de2bfd7318"},
]
"aws-cdk.aws-efs" = [
    {file = "aws-cdk.aws-efs-1.115.0.tar.gz", hash = "sha256:eb96d01635283dbee1101fe57e0a19310974c8de02f75d9042adbab44139fe65"},
    {file = "aws_cdk.aws_efs-1.115.0-py3-none-any.whl", hash = "sha256:8e9e3f0f837e1ff3cfe96da5d700095f24d132c11cc7544f7a9f20024fa27372"},
]
"aws-cdk.aws-events" = [
    {file = "aws-cdk.aws-events-1.115.0.tar.gz", hash = "sha256:4ce7f0e894c61849e8157a0170cb74ec5223d18dc613075912f2ef560974856b"},
    {file = "aws_cdk.aws_events-1.115.0-py3-none-any.whl", hash = "sha256:a817f0f46c027163a30eb5bab254540e00f5e5285bb1e8678dfd724f8f1187c0"},
]
"aws-cdk.aws-glue" = [
    {file = "aws-cdk.aws-glue-1.115.0.tar.gz", hash = "sha256:a85d344e61cfb3e0953665bcd85fd4b7ac282417fe7099e2c54cc393f62bfa99"},
    {file = "aws_cdk.aws_glue-1.115.0-py3-none-any.whl", hash = "sha256:ca2780bf366ab2ba74adb98b6a49c95ee6e5dbde2bc5758657cb5d4197c996ce"},
]
"aws-cdk.aws-iam" = [
    {file = "aws-cdk.aws-iam-1.115.0.tar.gz", hash = "sha256:fe4e3138d6544755cbeb2400fd770b583b01906443648a4588085de2e781707f"},
    {file = "aws_cdk.aws_iam-1.115.0-py3-none-any.whl", hash = "sha256:7ba923894c6ecce33147527dccbf90fdaecc7a5561b2ca9398623f1f063f898c"},
]
"aws-cdk.aws-kms" = [
    {file = "aws-cdk.aws-kms-1.115.0.tar.gz", hash = "sha256:1d1feca56bc4c2de722f59a07ee8dc36b6d7a31d70ffe32de5f76c099b2b6322"},
    {file = "aws_cdk.aws_kms-1.115.0-py3-none-any.whl", hash = "sha256:c692b0cebe2b0106ddc0ec3946a895941176b35411d46b27ae9bfb06cdaa9d6d"},
]
"aws-cdk.aws-lambda" = [
    {file = "aws-cdk.aws-lambda-1.115.0.tar.gz", hash = "sha256:11eec3652671f37d261f991eaf963726fed281c5aafe77e9f83afab899398892"},
    {file = "aws_cdk.aws_lambda-1.115.0-py3-none-any.whl", hash = "sha256:65000012469a64096d25614c23e22da74a3d15234925cf44b29fd3d63d21b993"},
]
"aws-cdk.aws-logs" = [
    {file = "aws-cdk.aws-logs-1.115.0.tar.gz", hash = "sha256:de30016914a17ca59d55f36029aa10fdc800f8fa69f4a5de822898aebbb29a78"},
    {file = "aws_cdk.aws_logs-1.115.0-py3-none-any.whl", hash = "sha256:8c6adcf54e066a71a6a7031a8592f52f09a01ca0d6a6d1f51080f9996ad7ac52"},
]
"aws-cdk.aws-rds" = [
    {file = "aws-cdk.aws-rds-1.115.0.tar.gz", hash = "sha256:c562843534494ef283474ebd7bba4e44e0b7cb063c0121e20f08ba49749a2a60"},
    {file = "aws_cdk.aws_rds-1.115.0-py3-none-any.whl", hash = "sha256:7c00e329b6455b4279ad9880c2e033509b27be63b31626413f28558ae8d24a7f"},
]
"aws-cdk.aws-redshift" = [
    {file = "aws-cdk.aws-redshift-1.115.0.tar.gz", hash = "sha256:758e6e940e7a432d46d144ebf8002af51fbe98d452221725510f01488847f9a3"},
    {file = "aws_cdk.aws_redshift-1.115.0-py3-none-any.whl", hash = "sha256:311dcb36814434214917ad707689a210016ce1d6286c69d44ec01f5df27a3c7d"},
]
"aws-cdk.aws-s3" = [
    {file = "aws-cdk.aws-s3-1.115.0.tar.gz", hash = "sha256:73d72900194b944435056faf42c0df21ca7f6a0f941e0bc8d5cdf3de4c0261e9"},
    {file = "aws_cdk.aws_s3-1.115.0-py3-none-any.whl", hash = "sha256:81f85f3c107f05012a351260640a1bb1911106addbd26f2dd2c22d8c44122053"},
]
"aws-cdk.aws-s3-assets" = [
    {file = "aws-cdk.aws-s3-assets-1.115.0.tar.gz", hash = "sha256:4aa793512b08d73f0bacb71f72f607a510672d077216cdd1ac307c65bd0751ae"},
    {file = "aws_cdk.aws_s3_assets-1.115.0-py3-none-any.whl", hash = "sha256:0bb1eea914908a5fc69a505b118e89f7d3097bce309126167b738a0aefd98ec6"},
]
"aws-cdk.aws-sam" = [
    {file = "aws-cdk.aws-sam-1.115.0.tar.gz", hash = "sha256:babca8a6fbf68a32ebf6f1fd54f6a7bc506d60dae007fd6e4b06f1637edd42fd"},
    {file = "aws_cdk.aws_sam-1.115.0-py3-none-any.whl", hash = "sha256:ece50ab527eb1e5f84f6de2ad503e7cd61a2351dfcb6446274f8099ffabfcfc5"},
]
"aws-cdk.aws-secretsmanager" = [
    {file = "aws-cdk.aws-secretsmanager-1.115.0.tar.gz", hash = "sha256:6de8204e4bbcbe8df8852646933c1d8d8cb1332374baee9fe780bd2b413e2423"},
    {file = "aws_cdk.aws_secretsmanager-1.115.0-py3-none-any.whl", hash = "sha256:0acf55659f67ac43c69be9a17e40e382d6122abc8055f092332723e07db15fd9"},
]
"aws-cdk.aws-signer" = [
    {file = "aws-cdk.aws-signer-1.115.0.tar.gz", hash = "sha256:9050e46e059edcde6b8e1d80b0d792eb2b4ad36cc00ce0b284d04a15b019b216"},
    {file = "aws_cdk.aws_signer-1.115.0-py3-none-any.whl", hash = "sha256:3b4b920dd5c8873bb0b60c0d2ae340fad434e7f011296f465d482afc094b25da"},
]
"aws-cdk.aws-sqs" = [
    {file = "aws-cdk.aws-sqs-1.115.0.tar.gz", hash = "sha256:b24e03f0027fd99c6cdfe604e3a2b3d0d203d616dffafc74f74f6715083e2b08"},
    {file = "aws_cdk.aws_sqs-1.115.0-py3-none-any.whl", hash = "sha256:cda589452cb4a6db584050e50f14fbe11757fb0b3aff63f50ae663fad5b7bf27"},
]
"aws-cdk.aws-ssm" = [
    {file = "aws-cdk.aws-ssm-1.115.0.tar.gz", hash = "sha256:960330865ee74485cab510ba1cac5d8d4578e777f1a421b14e8a20895bbe5ac5"},
    {file = "aws_cdk.aws_ssm-1.115.0-py3-none-any.whl", hash = "sha256:4431c43667b57fe2883a9ef022b277cbd3b62f6ab13cb0b1221513f7f76f2aac"},
]
"aws-cdk.cloud-assembly-schema" = [
    {file = "aws-cdk.cloud-assembly-schema-1.115.0.tar.gz", hash = "sha256:d565a8418e0cc05d3471dd48424477528d72bdd7d17adc9a049068559666a3ae"},
    {file = "aws_cdk.cloud_assembly_schema-1.115.0-py3-none-any.whl", hash = "sha256:0686e6f7e5da48dbd2ff724953d51eb0495b6772bdb17400024bb42e6fe05baf"},
]
"aws-cdk.core" = [
    {file = "aws-cdk.core-1.115.0.tar.gz", hash = "sha256:42a691cc183219ce76eb58e17507edf768a0f5eca0ea98661b4b1f16f178b90d"},
    {file = "aws_cdk.core-1.115.0-py3-none-any.whl", hash = "sha256:93a8e3d87f79af75866bf3f1cfc702dd5664526ec0f70a1c5f7ade82cb1536b1"},
]
"aws-cdk.cx-api" = [
    {file = "aws-cdk.cx-api-1.115.0.tar.gz", hash = "sha256:10251ef8deaf7acfb7f7356e07c53cd86bbd8725631795e1ce8f8891bcaffad0"},
    {file = "aws_cdk.cx_api-1.115.0-py3-none-any.whl", hash = "sha256:6c03bc14f8d645e63329cb152b2f1fe339a556c297f1c3ecfa75ca9a981f9dca"},
]
"aws-cdk.region-info" = [
    {file = "aws-cdk.region-info-1.115.0.tar.gz", hash = "sha256:4f6b282fa495c244c1f96deea4aed77e702312373204e34b3bba53da27851974"},
    {file = "aws_cdk.region_info-1.115.0-py3-none-any.whl", hash = "sha256:b346bdab4bf54a5956fab020bc085b6c2c304f485dd2d09c8fb586728dfe7c11"},
]
cattrs = [
    {file = "cattrs-1.0.0-py2.py3-none-any.whl", hash = "sha256:616972ae3dfa6e623a40ad3cb845420e64942989152774ab055e5c2b2f89f997"},
    {file = "cattrs-1.0.0.tar.gz", hash = "sha256:b7ab5cf8ad127c42eefd01410c1c6e28569a45a255ea80ed968511873c433c7a"},
    {file = "cattrs-1.6.0-py3-none-any.whl", hash = "sha256:c8de53900e3acad94ca83750eb12bb38aa85ce9114be47177c943e2f0eca63b0"},
    {file = "cattrs-1.6.0.tar.gz", hash = "sha256:3e2cd5dc8a1006d5da53ddcbf4f0b1dd3a21e294323b257678d0a96721f8253a"},
]
constructs = [
    {file = "constructs-3.3.101-py3-none-any.whl", hash = "sha256:0605ea091dda433f0915ba5b3c74bf967d90fb0cf975a5c3b34a7150a3cf48d1"},
    {file = "constructs-3.3.101.tar.gz", hash = "sha256:993fea0b33556e7fa6ebe495493aba379e9f7aa781803df796c5bd08527dbc67"},
]
importlib-resources = [
    {file = "importlib_resources-5.2.0-py3-none-any.whl", hash = "sha256:a0143290bef3cbc99de9e40176e4987780939a955b8632f02ce6c935f42e9bfc"},
    {file = "importlib_resources-5.2.0.tar.gz", hash = "sha256:22a2c42d8c6a1d30aa8a0e1f57293725bfd5c013d562585e46aff469e0ff78b3"},
]
jsii = [
    {file = "jsii-1.32.0-py3-none-any.whl", hash = "sha256:c71321c4b74ed2c29edc9943c22a36c60a8626df6e0a7173b9ae41366b1a9cb9"},
    {file = "jsii-1.32.0.tar.gz", hash = "sha256:b95e7747812e16cafbfde80b714d9b684c7a4ee57a00cbaf8f138d5868bdb2ae"},
]
publication = [
    {file = "publication-0.0.3-py2.py3-none-any.whl", hash = "sha256:0248885351febc11d8a1098d5c8e3ab2dabcf3e8c0c96db1e17ecd12b53afbe6"},
    {file = "publication-0.0.3.tar.gz", hash = "sha256:68416a0de76dddcdd2930d1c8ef853a743cc96c82416c4e4d3b5d901c6276dc4"},
]
python-dateutil = [
    {file = "python-dateutil-2.8.2.tar.gz", hash = "sha256:0123cacc1627ae19ddf3c27a5de5bd67ee4586fbdd6440d9748f8abb483d3e86"},
    {file = "python_dateutil-2.8.2-py2.py3-none-any.whl", hash = "sha256:961d03dc3453ebbc59dbdea9e4e11c5651520a876d0f4db161e8674aae935da9"},
]
six = [
    {file = "six-1.16.0-py2.py3-none-any.whl", hash = "sha256:8abb2f1d86890a2dfb989f9a77cfcfd3e47c2a354b01111771326f8aa26e0254"},
    {file = "six-1.16.0.tar.gz", hash = "sha256:1e61c37477a1626458e36f7b1d82aa5c9b094fa4802892072e49de9c60c4c926"},
]
typing-extensions = [
    {file = "typing_extensions-3.10.0.0-py2-none-any.whl", hash = "sha256:0ac0f89795dd19de6b97debb0c6af1c70987fd80a2d62d1958f7e56fcc31b497"},
    {file = "typing_extensions-3.10.0.0-py3-none-any.whl", hash = "sha256:779383f6086d90c99ae41cf0ff39aac8a7937a9283ce0a414e5dd782f4c94a84"},
    {file = "typing_extensions-3.10.0.0.tar.gz", hash = "sha256:50b6f157849174217d0656f99dc82fe932884fb250826c18350e159ec6cdf342"},
]
zipp = [
    {file = "zipp-3.5.0-py3-none-any.whl", hash = "sha256:957cfda87797e389580cb8b9e3870841ca991e2125350677b2ca83a0e99390a3"},
    {file = "zipp-3.5.0.tar.gz", hash = "sha256:f5812b1e007e48cff63449a5e9f4e7ebea716b4111f9c4f9a645f91d579bf0c4"},
]
