# This file is automatically @generated by Poetry and should not be changed by hand.

[[package]]
name = "attrs"
version = "22.2.0"
description = "Classes Without Boilerplate"
category = "main"
optional = false
python-versions = ">=3.6"
files = [
    {file = "attrs-22.2.0-py3-none-any.whl", hash = "sha256:29e95c7f6778868dbd49170f98f8818f78f3dc5e0e37c0b1f474e3561b240836"},
    {file = "attrs-22.2.0.tar.gz", hash = "sha256:c9227bfc2f01993c03f68db37d1d15c9690188323c067c641f1a35ca58185f99"},
]

[package.extras]
cov = ["attrs[tests]", "coverage-enable-subprocess", "coverage[toml] (>=5.3)"]
dev = ["attrs[docs,tests]"]
docs = ["furo", "myst-parser", "sphinx", "sphinx-notfound-page", "sphinxcontrib-towncrier", "towncrier", "zope.interface"]
tests = ["attrs[tests-no-zope]", "zope.interface"]
tests-no-zope = ["cloudpickle", "cloudpickle", "hypothesis", "hypothesis", "mypy (>=0.971,<0.990)", "mypy (>=0.971,<0.990)", "pympler", "pympler", "pytest (>=4.3.0)", "pytest (>=4.3.0)", "pytest-mypy-plugins", "pytest-mypy-plugins", "pytest-xdist[psutil]", "pytest-xdist[psutil]"]

[[package]]
name = "aws-cdk-asset-awscli-v1"
version = "2.2.63"
description = "A library that contains the AWS CLI for use in Lambda Layers"
category = "main"
optional = false
python-versions = "~=3.7"
files = [
    {file = "aws-cdk.asset-awscli-v1-2.2.63.tar.gz", hash = "sha256:76154ade5391f8927c932b609028b28426af34215f144d07576ba35e4eca9442"},
    {file = "aws_cdk.asset_awscli_v1-2.2.63-py3-none-any.whl", hash = "sha256:1ad1d5b7287097f6546902801a40f39b6580c99e5d0eb07dfc5e8ddf428167b0"},
]

[package.dependencies]
jsii = ">=1.74.0,<2.0.0"
publication = ">=0.0.3"
typeguard = ">=2.13.3,<2.14.0"

[[package]]
name = "aws-cdk-asset-kubectl-v20"
version = "2.1.1"
description = "A library that contains kubectl for use in Lambda Layers"
category = "main"
optional = false
python-versions = "~=3.7"
files = [
    {file = "aws-cdk.asset-kubectl-v20-2.1.1.tar.gz", hash = "sha256:9834cdb150c5590aea4e5eba6de2a89b4c60617451181c524810c5a75154565c"},
    {file = "aws_cdk.asset_kubectl_v20-2.1.1-py3-none-any.whl", hash = "sha256:a2fad1a5a35a94a465efe60859f91e45dacc33261fb9bbf1cf9bbc6e2f70e9d6"},
]

[package.dependencies]
jsii = ">=1.70.0,<2.0.0"
publication = ">=0.0.3"
typeguard = ">=2.13.3,<2.14.0"

[[package]]
name = "aws-cdk-asset-node-proxy-agent-v5"
version = "2.0.52"
description = "@aws-cdk/asset-node-proxy-agent-v5"
category = "main"
optional = false
python-versions = "~=3.7"
files = [
    {file = "aws-cdk.asset-node-proxy-agent-v5-2.0.52.tar.gz", hash = "sha256:1346ce52303e8b8c7c88ce16599a36d947e9546fc6cae0965182594d7b0e600d"},
    {file = "aws_cdk.asset_node_proxy_agent_v5-2.0.52-py3-none-any.whl", hash = "sha256:1a08b261ea2bf10f07fe89a7502686e6be2adea636e6bb1ee1f56b678231fe02"},
]

[package.dependencies]
jsii = ">=1.74.0,<2.0.0"
publication = ">=0.0.3"
typeguard = ">=2.13.3,<2.14.0"

[[package]]
name = "aws-cdk-aws-glue-alpha"
version = "2.64.0a0"
description = "The CDK Construct Library for AWS::Glue"
category = "main"
optional = false
python-versions = "~=3.7"
files = [
    {file = "aws-cdk.aws-glue-alpha-2.64.0a0.tar.gz", hash = "sha256:55025850692af379e7f0b25e4483330b0b993b606379283079b2d93b604abc4b"},
    {file = "aws_cdk.aws_glue_alpha-2.64.0a0-py3-none-any.whl", hash = "sha256:b6bcf4ea25d24b508e95c64e46fa2c495039bd7273c71fa1eba322890e6138c0"},
]

[package.dependencies]
aws-cdk-lib = ">=2.64.0,<3.0.0"
constructs = ">=10.0.0,<11.0.0"
jsii = ">=1.74.0,<2.0.0"
publication = ">=0.0.3"
typeguard = ">=2.13.3,<2.14.0"

[[package]]
name = "aws-cdk-aws-neptune-alpha"
version = "2.64.0a0"
description = "The CDK Construct Library for AWS::Neptune"
category = "main"
optional = false
python-versions = "~=3.7"
files = [
    {file = "aws-cdk.aws-neptune-alpha-2.64.0a0.tar.gz", hash = "sha256:4ba7b56cdb7a98992b1f18b7aaead21884f65fc9a249531f86c2b9d551948a75"},
    {file = "aws_cdk.aws_neptune_alpha-2.64.0a0-py3-none-any.whl", hash = "sha256:560d95f153035ab909d0bdb1e9416a4506c43bfa113dc07776300f5a84d353e2"},
]

[package.dependencies]
aws-cdk-lib = ">=2.64.0,<3.0.0"
constructs = ">=10.0.0,<11.0.0"
jsii = ">=1.74.0,<2.0.0"
publication = ">=0.0.3"
typeguard = ">=2.13.3,<2.14.0"

[[package]]
name = "aws-cdk-aws-redshift-alpha"
version = "2.64.0a0"
description = "The CDK Construct Library for AWS::Redshift"
category = "main"
optional = false
python-versions = "~=3.7"
files = [
    {file = "aws-cdk.aws-redshift-alpha-2.64.0a0.tar.gz", hash = "sha256:7540d16f511d50d1ae0e475237f785c63b3c903c269f25a07e4a9adf8a6a4cd4"},
    {file = "aws_cdk.aws_redshift_alpha-2.64.0a0-py3-none-any.whl", hash = "sha256:903a72918623e079e13af311f88dd7180c926017ed2e9ca12047e9a14bbba15b"},
]

[package.dependencies]
aws-cdk-lib = ">=2.64.0,<3.0.0"
constructs = ">=10.0.0,<11.0.0"
jsii = ">=1.74.0,<2.0.0"
publication = ">=0.0.3"
typeguard = ">=2.13.3,<2.14.0"

[[package]]
name = "aws-cdk-lib"
version = "2.64.0"
description = "Version 2 of the AWS Cloud Development Kit library"
category = "main"
optional = false
python-versions = "~=3.7"
files = [
    {file = "aws-cdk-lib-2.64.0.tar.gz", hash = "sha256:e21210765b362a0b8a7052fce7bd3a574ea5355a7e763e190c5051ee33b4868a"},
    {file = "aws_cdk_lib-2.64.0-py3-none-any.whl", hash = "sha256:e2de0a80eff201d2eb5326beffa5fb564231ae44eb08ed2b6d4da0c6a324e0e5"},
]

[package.dependencies]
"aws-cdk.asset-awscli-v1" = ">=2.2.52,<3.0.0"
"aws-cdk.asset-kubectl-v20" = ">=2.1.1,<3.0.0"
"aws-cdk.asset-node-proxy-agent-v5" = ">=2.0.42,<3.0.0"
constructs = ">=10.0.0,<11.0.0"
jsii = ">=1.74.0,<2.0.0"
publication = ">=0.0.3"
typeguard = ">=2.13.3,<2.14.0"

[[package]]
name = "cattrs"
version = "22.2.0"
description = "Composable complex class support for attrs and dataclasses."
category = "main"
optional = false
python-versions = ">=3.7"
files = [
    {file = "cattrs-22.2.0-py3-none-any.whl", hash = "sha256:bc12b1f0d000b9f9bee83335887d532a1d3e99a833d1bf0882151c97d3e68c21"},
    {file = "cattrs-22.2.0.tar.gz", hash = "sha256:f0eed5642399423cf656e7b66ce92cdc5b963ecafd041d1b24d136fdde7acf6d"},
]

[package.dependencies]
attrs = ">=20"
exceptiongroup = {version = "*", markers = "python_version < \"3.11\""}
typing_extensions = {version = "*", markers = "python_version < \"3.8\""}

[[package]]
name = "constructs"
version = "10.1.246"
description = "A programming model for software-defined state"
category = "main"
optional = false
python-versions = "~=3.7"
files = [
    {file = "constructs-10.1.246-py3-none-any.whl", hash = "sha256:f07c7c4aa2d22ff960a9f51f7011030b4a3d8cc6df0e0a84e30ea63c2c8c8456"},
    {file = "constructs-10.1.246.tar.gz", hash = "sha256:26d0b017eef92bde3ece7454b524dddc051425819c59932ebe3c1ff6f9e1cb4a"},
]

[package.dependencies]
jsii = ">=1.74.0,<2.0.0"
publication = ">=0.0.3"
typeguard = ">=2.13.3,<2.14.0"

[[package]]
name = "exceptiongroup"
version = "1.1.0"
description = "Backport of PEP 654 (exception groups)"
category = "main"
optional = false
python-versions = ">=3.7"
files = [
    {file = "exceptiongroup-1.1.0-py3-none-any.whl", hash = "sha256:327cbda3da756e2de031a3107b81ab7b3770a602c4d16ca618298c526f4bec1e"},
    {file = "exceptiongroup-1.1.0.tar.gz", hash = "sha256:bcb67d800a4497e1b404c2dd44fca47d3b7a5e5433dbab67f96c1a685cdfdf23"},
]

[package.extras]
test = ["pytest (>=6)"]

[[package]]
name = "jsii"
version = "1.74.0"
description = "Python client for jsii runtime"
category = "main"
optional = false
python-versions = "~=3.7"
files = [
    {file = "jsii-1.74.0-py3-none-any.whl", hash = "sha256:ee76781fe66106c367fbb3bb383db4f5e9b8ff3d3c4c0f34624c050211f040be"},
    {file = "jsii-1.74.0.tar.gz", hash = "sha256:575131396ad34f8f6e9f2604953ecbf4f3368625656a828b13089e4abb81b443"},
]

[package.dependencies]
attrs = ">=21.2,<23.0"
cattrs = ">=1.8,<22.3"
publication = ">=0.0.3"
python-dateutil = "*"
typeguard = ">=2.13.3,<2.14.0"
typing-extensions = ">=3.7,<5.0"

[[package]]
name = "publication"
version = "0.0.3"
description = "Publication helps you maintain public-api-friendly modules by preventing unintentional access to private implementation details via introspection."
category = "main"
optional = false
python-versions = "*"
files = [
    {file = "publication-0.0.3-py2.py3-none-any.whl", hash = "sha256:0248885351febc11d8a1098d5c8e3ab2dabcf3e8c0c96db1e17ecd12b53afbe6"},
    {file = "publication-0.0.3.tar.gz", hash = "sha256:68416a0de76dddcdd2930d1c8ef853a743cc96c82416c4e4d3b5d901c6276dc4"},
]

[[package]]
name = "python-dateutil"
version = "2.8.2"
description = "Extensions to the standard Python datetime module"
category = "main"
optional = false
python-versions = "!=3.0.*,!=3.1.*,!=3.2.*,>=2.7"
files = [
    {file = "python-dateutil-2.8.2.tar.gz", hash = "sha256:0123cacc1627ae19ddf3c27a5de5bd67ee4586fbdd6440d9748f8abb483d3e86"},
    {file = "python_dateutil-2.8.2-py2.py3-none-any.whl", hash = "sha256:961d03dc3453ebbc59dbdea9e4e11c5651520a876d0f4db161e8674aae935da9"},
]

[package.dependencies]
six = ">=1.5"

[[package]]
name = "six"
version = "1.16.0"
description = "Python 2 and 3 compatibility utilities"
category = "main"
optional = false
python-versions = ">=2.7, !=3.0.*, !=3.1.*, !=3.2.*"
files = [
    {file = "six-1.16.0-py2.py3-none-any.whl", hash = "sha256:8abb2f1d86890a2dfb989f9a77cfcfd3e47c2a354b01111771326f8aa26e0254"},
    {file = "six-1.16.0.tar.gz", hash = "sha256:1e61c37477a1626458e36f7b1d82aa5c9b094fa4802892072e49de9c60c4c926"},
]

[[package]]
name = "typeguard"
version = "2.13.3"
description = "Run-time type checker for Python"
category = "main"
optional = false
python-versions = ">=3.5.3"
files = [
    {file = "typeguard-2.13.3-py3-none-any.whl", hash = "sha256:5e3e3be01e887e7eafae5af63d1f36c849aaa94e3a0112097312aabfa16284f1"},
    {file = "typeguard-2.13.3.tar.gz", hash = "sha256:00edaa8da3a133674796cf5ea87d9f4b4c367d77476e185e80251cc13dfbb8c4"},
]

[package.extras]
doc = ["sphinx-autodoc-typehints (>=1.2.0)", "sphinx-rtd-theme"]
test = ["mypy", "pytest", "typing-extensions"]

[[package]]
name = "typing-extensions"
version = "4.4.0"
description = "Backported and Experimental Type Hints for Python 3.7+"
category = "main"
optional = false
python-versions = ">=3.7"
files = [
    {file = "typing_extensions-4.4.0-py3-none-any.whl", hash = "sha256:16fa4864408f655d35ec496218b85f79b3437c829e93320c7c9215ccfd92489e"},
    {file = "typing_extensions-4.4.0.tar.gz", hash = "sha256:1511434bb92bf8dd198c12b1cc812e800d4181cfcb867674e0f8279cc93087aa"},
]

[metadata]
lock-version = "2.0"
python-versions = ">=3.7.1, <3.11"
content-hash = "cf03dc1ae6da1111d662ceaaa808517e2329a591443238c2d66174493ef36d77"
